
Microsoft Visual Studio Solution File, Format Version 12.00
# Visual Studio 15
VisualStudioVersion = 15.0.26124.0
MinimumVisualStudioVersion = 15.0.26124.0
Project("{FAE04EC0-301F-11D3-BF4B-00C04F79EFBC}") = "CodingGym01.PrintingReceipt", "CodingGym01.PrintingReceipt\CodingGym01.PrintingReceipt.csproj", "{8088453B-03CA-4F61-870C-A6A303729EFD}"
EndProject
Project("{FAE04EC0-301F-11D3-BF4B-00C04F79EFBC}") = "CodingGym02.SimpleCalculator", "CodingGym02.SimpleCalculator\CodingGym02.SimpleCalculator.csproj", "{19652416-164A-47CE-B097-C0359728E60E}"
EndProject
Project("{FAE04EC0-301F-11D3-BF4B-00C04F79EFBC}") = "CodingGym03.HangmanGame", "CodingGym03.HangmanGame\CodingGym03.HangmanGame.csproj", "{E6761AF6-FAA6-419B-B702-013E3008E527}"
EndProject
Project("{FAE04EC0-301F-11D3-BF4B-00C04F79EFBC}") = "CodingGym04.NumberGuessingGame", "CodingGym04.NumberGuessingGame\CodingGym04.NumberGuessingGame.csproj", "{625DE57B-9D94-409E-83D1-2C06EE7BA8E9}"
EndProject
Project("{FAE04EC0-301F-11D3-BF4B-00C04F79EFBC}") = "CodingGym05.ShoppingCart", "CodingGym05.ShoppingCart\CodingGym05.ShoppingCart.csproj", "{61E502B2-6976-4EA6-8DAD-5DD61D27EC8D}"
EndProject
Project("{FAE04EC0-301F-11D3-BF4B-00C04F79EFBC}") = "CodingGym06.CrapsGame", "CodingGym06.CrapsGame\CodingGym06.CrapsGame.csproj", "{E2D1A40A-0FDB-48FC-BCCE-373858FF8B61}"
EndProject
Project("{FAE04EC0-301F-11D3-BF4B-00C04F79EFBC}") = "CodingGym07.TicTacToe", "CodingGym07.TicTacToe\CodingGym07.TicTacToe.csproj", "{0C99E2C4-3CA1-4D33-B09F-4C9877573BD7}"
EndProject
Project("{FAE04EC0-301F-11D3-BF4B-00C04F79EFBC}") = "CodingGym08.HangmanGame.List", "CodingGym08.HangmanGame.List\CodingGym08.HangmanGame.List.csproj", "{1DE4DDEE-69E2-40F4-A118-4A0A33EB2E23}"
EndProject
Project("{FAE04EC0-301F-11D3-BF4B-00C04F79EFBC}") = "CodingGym09.BankTransactionSimulation", "CodingGym09.BankTransactionSimulation\CodingGym09.BankTransactionSimulation.csproj", "{42AB74AD-738A-48FA-A373-D01012292C67}"
EndProject
Global
	GlobalSection(SolutionConfigurationPlatforms) = preSolution
		Debug|Any CPU = Debug|Any CPU
		Debug|x64 = Debug|x64
		Debug|x86 = Debug|x86
		Release|Any CPU = Release|Any CPU
		Release|x64 = Release|x64
		Release|x86 = Release|x86
	EndGlobalSection
	GlobalSection(SolutionProperties) = preSolution
		HideSolutionNode = FALSE
	EndGlobalSection
	GlobalSection(ProjectConfigurationPlatforms) = postSolution
		{8088453B-03CA-4F61-870C-A6A303729EFD}.Debug|Any CPU.ActiveCfg = Debug|Any CPU
		{8088453B-03CA-4F61-870C-A6A303729EFD}.Debug|Any CPU.Build.0 = Debug|Any CPU
		{8088453B-03CA-4F61-870C-A6A303729EFD}.Debug|x64.ActiveCfg = Debug|Any CPU
		{8088453B-03CA-4F61-870C-A6A303729EFD}.Debug|x64.Build.0 = Debug|Any CPU
		{8088453B-03CA-4F61-870C-A6A303729EFD}.Debug|x86.ActiveCfg = Debug|Any CPU
		{8088453B-03CA-4F61-870C-A6A303729EFD}.Debug|x86.Build.0 = Debug|Any CPU
		{8088453B-03CA-4F61-870C-A6A303729EFD}.Release|Any CPU.ActiveCfg = Release|Any CPU
		{8088453B-03CA-4F61-870C-A6A303729EFD}.Release|Any CPU.Build.0 = Release|Any CPU
		{8088453B-03CA-4F61-870C-A6A303729EFD}.Release|x64.ActiveCfg = Release|Any CPU
		{8088453B-03CA-4F61-870C-A6A303729EFD}.Release|x64.Build.0 = Release|Any CPU
		{8088453B-03CA-4F61-870C-A6A303729EFD}.Release|x86.ActiveCfg = Release|Any CPU
		{8088453B-03CA-4F61-870C-A6A303729EFD}.Release|x86.Build.0 = Release|Any CPU
		{19652416-164A-47CE-B097-C0359728E60E}.Debug|Any CPU.ActiveCfg = Debug|Any CPU
		{19652416-164A-47CE-B097-C0359728E60E}.Debug|Any CPU.Build.0 = Debug|Any CPU
		{19652416-164A-47CE-B097-C0359728E60E}.Debug|x64.ActiveCfg = Debug|Any CPU
		{19652416-164A-47CE-B097-C0359728E60E}.Debug|x64.Build.0 = Debug|Any CPU
		{19652416-164A-47CE-B097-C0359728E60E}.Debug|x86.ActiveCfg = Debug|Any CPU
		{19652416-164A-47CE-B097-C0359728E60E}.Debug|x86.Build.0 = Debug|Any CPU
		{19652416-164A-47CE-B097-C0359728E60E}.Release|Any CPU.ActiveCfg = Release|Any CPU
		{19652416-164A-47CE-B097-C0359728E60E}.Release|Any CPU.Build.0 = Release|Any CPU
		{19652416-164A-47CE-B097-C0359728E60E}.Release|x64.ActiveCfg = Release|Any CPU
		{19652416-164A-47CE-B097-C0359728E60E}.Release|x64.Build.0 = Release|Any CPU
		{19652416-164A-47CE-B097-C0359728E60E}.Release|x86.ActiveCfg = Release|Any CPU
		{19652416-164A-47CE-B097-C0359728E60E}.Release|x86.Build.0 = Release|Any CPU
		{E6761AF6-FAA6-419B-B702-013E3008E527}.Debug|Any CPU.ActiveCfg = Debug|Any CPU
		{E6761AF6-FAA6-419B-B702-013E3008E527}.Debug|Any CPU.Build.0 = Debug|Any CPU
		{E6761AF6-FAA6-419B-B702-013E3008E527}.Debug|x64.ActiveCfg = Debug|Any CPU
		{E6761AF6-FAA6-419B-B702-013E3008E527}.Debug|x64.Build.0 = Debug|Any CPU
		{E6761AF6-FAA6-419B-B702-013E3008E527}.Debug|x86.ActiveCfg = Debug|Any CPU
		{E6761AF6-FAA6-419B-B702-013E3008E527}.Debug|x86.Build.0 = Debug|Any CPU
		{E6761AF6-FAA6-419B-B702-013E3008E527}.Release|Any CPU.ActiveCfg = Release|Any CPU
		{E6761AF6-FAA6-419B-B702-013E3008E527}.Release|Any CPU.Build.0 = Release|Any CPU
		{E6761AF6-FAA6-419B-B702-013E3008E527}.Release|x64.ActiveCfg = Release|Any CPU
		{E6761AF6-FAA6-419B-B702-013E3008E527}.Release|x64.Build.0 = Release|Any CPU
		{E6761AF6-FAA6-419B-B702-013E3008E527}.Release|x86.ActiveCfg = Release|Any CPU
		{E6761AF6-FAA6-419B-B702-013E3008E527}.Release|x86.Build.0 = Release|Any CPU
		{625DE57B-9D94-409E-83D1-2C06EE7BA8E9}.Debug|Any CPU.ActiveCfg = Debug|Any CPU
		{625DE57B-9D94-409E-83D1-2C06EE7BA8E9}.Debug|Any CPU.Build.0 = Debug|Any CPU
		{625DE57B-9D94-409E-83D1-2C06EE7BA8E9}.Debug|x64.ActiveCfg = Debug|Any CPU
		{625DE57B-9D94-409E-83D1-2C06EE7BA8E9}.Debug|x64.Build.0 = Debug|Any CPU
		{625DE57B-9D94-409E-83D1-2C06EE7BA8E9}.Debug|x86.ActiveCfg = Debug|Any CPU
		{625DE57B-9D94-409E-83D1-2C06EE7BA8E9}.Debug|x86.Build.0 = Debug|Any CPU
		{625DE57B-9D94-409E-83D1-2C06EE7BA8E9}.Release|Any CPU.ActiveCfg = Release|Any CPU
		{625DE57B-9D94-409E-83D1-2C06EE7BA8E9}.Release|Any CPU.Build.0 = Release|Any CPU
		{625DE57B-9D94-409E-83D1-2C06EE7BA8E9}.Release|x64.ActiveCfg = Release|Any CPU
		{625DE57B-9D94-409E-83D1-2C06EE7BA8E9}.Release|x64.Build.0 = Release|Any CPU
		{625DE57B-9D94-409E-83D1-2C06EE7BA8E9}.Release|x86.ActiveCfg = Release|Any CPU
		{625DE57B-9D94-409E-83D1-2C06EE7BA8E9}.Release|x86.Build.0 = Release|Any CPU
		{61E502B2-6976-4EA6-8DAD-5DD61D27EC8D}.Debug|Any CPU.ActiveCfg = Debug|Any CPU
		{61E502B2-6976-4EA6-8DAD-5DD61D27EC8D}.Debug|Any CPU.Build.0 = Debug|Any CPU
		{61E502B2-6976-4EA6-8DAD-5DD61D27EC8D}.Debug|x64.ActiveCfg = Debug|Any CPU
		{61E502B2-6976-4EA6-8DAD-5DD61D27EC8D}.Debug|x64.Build.0 = Debug|Any CPU
		{61E502B2-6976-4EA6-8DAD-5DD61D27EC8D}.Debug|x86.ActiveCfg = Debug|Any CPU
		{61E502B2-6976-4EA6-8DAD-5DD61D27EC8D}.Debug|x86.Build.0 = Debug|Any CPU
		{61E502B2-6976-4EA6-8DAD-5DD61D27EC8D}.Release|Any CPU.ActiveCfg = Release|Any CPU
		{61E502B2-6976-4EA6-8DAD-5DD61D27EC8D}.Release|Any CPU.Build.0 = Release|Any CPU
		{61E502B2-6976-4EA6-8DAD-5DD61D27EC8D}.Release|x64.ActiveCfg = Release|Any CPU
		{61E502B2-6976-4EA6-8DAD-5DD61D27EC8D}.Release|x64.Build.0 = Release|Any CPU
		{61E502B2-6976-4EA6-8DAD-5DD61D27EC8D}.Release|x86.ActiveCfg = Release|Any CPU
		{61E502B2-6976-4EA6-8DAD-5DD61D27EC8D}.Release|x86.Build.0 = Release|Any CPU
		{E2D1A40A-0FDB-48FC-BCCE-373858FF8B61}.Debug|Any CPU.ActiveCfg = Debug|Any CPU
		{E2D1A40A-0FDB-48FC-BCCE-373858FF8B61}.Debug|Any CPU.Build.0 = Debug|Any CPU
		{E2D1A40A-0FDB-48FC-BCCE-373858FF8B61}.Debug|x64.ActiveCfg = Debug|Any CPU
		{E2D1A40A-0FDB-48FC-BCCE-373858FF8B61}.Debug|x64.Build.0 = Debug|Any CPU
		{E2D1A40A-0FDB-48FC-BCCE-373858FF8B61}.Debug|x86.ActiveCfg = Debug|Any CPU
		{E2D1A40A-0FDB-48FC-BCCE-373858FF8B61}.Debug|x86.Build.0 = Debug|Any CPU
		{E2D1A40A-0FDB-48FC-BCCE-373858FF8B61}.Release|Any CPU.ActiveCfg = Release|Any CPU
		{E2D1A40A-0FDB-48FC-BCCE-373858FF8B61}.Release|Any CPU.Build.0 = Release|Any CPU
		{E2D1A40A-0FDB-48FC-BCCE-373858FF8B61}.Release|x64.ActiveCfg = Release|Any CPU
		{E2D1A40A-0FDB-48FC-BCCE-373858FF8B61}.Release|x64.Build.0 = Release|Any CPU
		{E2D1A40A-0FDB-48FC-BCCE-373858FF8B61}.Release|x86.ActiveCfg = Release|Any CPU
		{E2D1A40A-0FDB-48FC-BCCE-373858FF8B61}.Release|x86.Build.0 = Release|Any CPU
		{0C99E2C4-3CA1-4D33-B09F-4C9877573BD7}.Debug|Any CPU.ActiveCfg = Debug|Any CPU
		{0C99E2C4-3CA1-4D33-B09F-4C9877573BD7}.Debug|Any CPU.Build.0 = Debug|Any CPU
		{0C99E2C4-3CA1-4D33-B09F-4C9877573BD7}.Debug|x64.ActiveCfg = Debug|Any CPU
		{0C99E2C4-3CA1-4D33-B09F-4C9877573BD7}.Debug|x64.Build.0 = Debug|Any CPU
		{0C99E2C4-3CA1-4D33-B09F-4C9877573BD7}.Debug|x86.ActiveCfg = Debug|Any CPU
		{0C99E2C4-3CA1-4D33-B09F-4C9877573BD7}.Debug|x86.Build.0 = Debug|Any CPU
		{0C99E2C4-3CA1-4D33-B09F-4C9877573BD7}.Release|Any CPU.ActiveCfg = Release|Any CPU
		{0C99E2C4-3CA1-4D33-B09F-4C9877573BD7}.Release|Any CPU.Build.0 = Release|Any CPU
		{0C99E2C4-3CA1-4D33-B09F-4C9877573BD7}.Release|x64.ActiveCfg = Release|Any CPU
		{0C99E2C4-3CA1-4D33-B09F-4C9877573BD7}.Release|x64.Build.0 = Release|Any CPU
		{0C99E2C4-3CA1-4D33-B09F-4C9877573BD7}.Release|x86.ActiveCfg = Release|Any CPU
		{0C99E2C4-3CA1-4D33-B09F-4C9877573BD7}.Release|x86.Build.0 = Release|Any CPU
		{1DE4DDEE-69E2-40F4-A118-4A0A33EB2E23}.Debug|Any CPU.ActiveCfg = Debug|Any CPU
		{1DE4DDEE-69E2-40F4-A118-4A0A33EB2E23}.Debug|Any CPU.Build.0 = Debug|Any CPU
		{1DE4DDEE-69E2-40F4-A118-4A0A33EB2E23}.Debug|x64.ActiveCfg = Debug|Any CPU
		{1DE4DDEE-69E2-40F4-A118-4A0A33EB2E23}.Debug|x64.Build.0 = Debug|Any CPU
		{1DE4DDEE-69E2-40F4-A118-4A0A33EB2E23}.Debug|x86.ActiveCfg = Debug|Any CPU
		{1DE4DDEE-69E2-40F4-A118-4A0A33EB2E23}.Debug|x86.Build.0 = Debug|Any CPU
		{1DE4DDEE-69E2-40F4-A118-4A0A33EB2E23}.Release|Any CPU.ActiveCfg = Release|Any CPU
		{1DE4DDEE-69E2-40F4-A118-4A0A33EB2E23}.Release|Any CPU.Build.0 = Release|Any CPU
		{1DE4DDEE-69E2-40F4-A118-4A0A33EB2E23}.Release|x64.ActiveCfg = Release|Any CPU
		{1DE4DDEE-69E2-40F4-A118-4A0A33EB2E23}.Release|x64.Build.0 = Release|Any CPU
		{1DE4DDEE-69E2-40F4-A118-4A0A33EB2E23}.Release|x86.ActiveCfg = Release|Any CPU
		{1DE4DDEE-69E2-40F4-A118-4A0A33EB2E23}.Release|x86.Build.0 = Release|Any CPU
		{42AB74AD-738A-48FA-A373-D01012292C67}.Debug|Any CPU.ActiveCfg = Debug|Any CPU
		{42AB74AD-738A-48FA-A373-D01012292C67}.Debug|Any CPU.Build.0 = Debug|Any CPU
		{42AB74AD-738A-48FA-A373-D01012292C67}.Debug|x64.ActiveCfg = Debug|Any CPU
		{42AB74AD-738A-48FA-A373-D01012292C67}.Debug|x64.Build.0 = Debug|Any CPU
		{42AB74AD-738A-48FA-A373-D01012292C67}.Debug|x86.ActiveCfg = Debug|Any CPU
		{42AB74AD-738A-48FA-A373-D01012292C67}.Debug|x86.Build.0 = Debug|Any CPU
		{42AB74AD-738A-48FA-A373-D01012292C67}.Release|Any CPU.ActiveCfg = Release|Any CPU
		{42AB74AD-738A-48FA-A373-D01012292C67}.Release|Any CPU.Build.0 = Release|Any CPU
		{42AB74AD-738A-48FA-A373-D01012292C67}.Release|x64.ActiveCfg = Release|Any CPU
		{42AB74AD-738A-48FA-A373-D01012292C67}.Release|x64.Build.0 = Release|Any CPU
		{42AB74AD-738A-48FA-A373-D01012292C67}.Release|x86.ActiveCfg = Release|Any CPU
		{42AB74AD-738A-48FA-A373-D01012292C67}.Release|x86.Build.0 = Release|Any CPU
	EndGlobalSection
EndGlobal
